// !$*UTF8*$!
{
	archiveVersion = 1;
	classes = {
	};
	objectVersion = 50;
	objects = {

/* Begin PBXBuildFile section */
		0E6E4DE783741F1116B726E5 /* Pods_Ecommerce.framework in Frameworks */ = {isa = PBXBuildFile; fileRef = 9EAECAFA902003AAA368C63F /* Pods_Ecommerce.framework */; };
		5D311FEF21CD2AC600A810A1 /* AppDelegate.swift in Sources */ = {isa = PBXBuildFile; fileRef = 5D311FEE21CD2AC600A810A1 /* AppDelegate.swift */; };
		5D311FF421CD2AC600A810A1 /* Main.storyboard in Resources */ = {isa = PBXBuildFile; fileRef = 5D311FF221CD2AC600A810A1 /* Main.storyboard */; };
		5D311FF621CD2AC800A810A1 /* Assets.xcassets in Resources */ = {isa = PBXBuildFile; fileRef = 5D311FF521CD2AC800A810A1 /* Assets.xcassets */; };
		5D311FF921CD2AC800A810A1 /* LaunchScreen.storyboard in Resources */ = {isa = PBXBuildFile; fileRef = 5D311FF721CD2AC800A810A1 /* LaunchScreen.storyboard */; };
		5D31200C21CD2FB200A810A1 /* DashboardPresenter.swift in Sources */ = {isa = PBXBuildFile; fileRef = 5D31200821CD2FB200A810A1 /* DashboardPresenter.swift */; };
		5D31200D21CD2FB200A810A1 /* DashboardViewController.swift in Sources */ = {isa = PBXBuildFile; fileRef = 5D31200921CD2FB200A810A1 /* DashboardViewController.swift */; };
		5D31200E21CD2FB200A810A1 /* DashboardModel.swift in Sources */ = {isa = PBXBuildFile; fileRef = 5D31200A21CD2FB200A810A1 /* DashboardModel.swift */; };
		5D31200F21CD2FB200A810A1 /* DashboardDataManager.swift in Sources */ = {isa = PBXBuildFile; fileRef = 5D31200B21CD2FB200A810A1 /* DashboardDataManager.swift */; };
		5D31201121CD2FE200A810A1 /* BaseProtocol.swift in Sources */ = {isa = PBXBuildFile; fileRef = 5D31201021CD2FE200A810A1 /* BaseProtocol.swift */; };
		5D31201321CD301C00A810A1 /* ResponseModal.swift in Sources */ = {isa = PBXBuildFile; fileRef = 5D31201221CD301C00A810A1 /* ResponseModal.swift */; };
		5D31201521CD307700A810A1 /* WebConstants.swift in Sources */ = {isa = PBXBuildFile; fileRef = 5D31201421CD307700A810A1 /* WebConstants.swift */; };
		5D31201921CD30D900A810A1 /* FontConstants.swift in Sources */ = {isa = PBXBuildFile; fileRef = 5D31201621CD30D900A810A1 /* FontConstants.swift */; };
		5D31201A21CD30D900A810A1 /* ImageConstants.swift in Sources */ = {isa = PBXBuildFile; fileRef = 5D31201721CD30D900A810A1 /* ImageConstants.swift */; };
		5D31201B21CD30D900A810A1 /* ColorConstants.swift in Sources */ = {isa = PBXBuildFile; fileRef = 5D31201821CD30D900A810A1 /* ColorConstants.swift */; };
		5D31201E21CD313D00A810A1 /* ViewController.swift in Sources */ = {isa = PBXBuildFile; fileRef = 5D31201D21CD313D00A810A1 /* ViewController.swift */; };
		5D31202021CD316900A810A1 /* WebserviceHelper.swift in Sources */ = {isa = PBXBuildFile; fileRef = 5D31201F21CD316900A810A1 /* WebserviceHelper.swift */; };
		5D31202221CD31BA00A810A1 /* StoryBoardHelper.swift in Sources */ = {isa = PBXBuildFile; fileRef = 5D31202121CD31BA00A810A1 /* StoryBoardHelper.swift */; };
		5D31202421CD321300A810A1 /* Image.swift in Sources */ = {isa = PBXBuildFile; fileRef = 5D31202321CD321300A810A1 /* Image.swift */; };
		5D31202621CD325500A810A1 /* String.swift in Sources */ = {isa = PBXBuildFile; fileRef = 5D31202521CD325500A810A1 /* String.swift */; };
		5D31202921CD328500A810A1 /* Codable.swift in Sources */ = {isa = PBXBuildFile; fileRef = 5D31202721CD328500A810A1 /* Codable.swift */; };
		5D31202A21CD328500A810A1 /* Color.swift in Sources */ = {isa = PBXBuildFile; fileRef = 5D31202821CD328500A810A1 /* Color.swift */; };
		5D31202C21CD32D400A810A1 /* AppConstants.swift in Sources */ = {isa = PBXBuildFile; fileRef = 5D31202B21CD32D400A810A1 /* AppConstants.swift */; };
		5D31202E21CD330100A810A1 /* Helper.swift in Sources */ = {isa = PBXBuildFile; fileRef = 5D31202D21CD330100A810A1 /* Helper.swift */; };
		5D31203021CD334000A810A1 /* UserInfo.swift in Sources */ = {isa = PBXBuildFile; fileRef = 5D31202F21CD334000A810A1 /* UserInfo.swift */; };
		5D31203221CD336C00A810A1 /* AppMessages.swift in Sources */ = {isa = PBXBuildFile; fileRef = 5D31203121CD336B00A810A1 /* AppMessages.swift */; };
		5D31203421CD343F00A810A1 /* DashboardProtocol.swift in Sources */ = {isa = PBXBuildFile; fileRef = 5D31203321CD343F00A810A1 /* DashboardProtocol.swift */; };
		5D31203621CD35DE00A810A1 /* UrlConstants.swift in Sources */ = {isa = PBXBuildFile; fileRef = 5D31203521CD35DE00A810A1 /* UrlConstants.swift */; };
/* End PBXBuildFile section */

/* Begin PBXFileReference section */
		28761D5BA3F0A545B7DBF503 /* Pods-Ecommerce.release.xcconfig */ = {isa = PBXFileReference; includeInIndex = 1; lastKnownFileType = text.xcconfig; name = "Pods-Ecommerce.release.xcconfig"; path = "Pods/Target Support Files/Pods-Ecommerce/Pods-Ecommerce.release.xcconfig"; sourceTree = "<group>"; };
		5D311FEB21CD2AC600A810A1 /* Ecommerce.app */ = {isa = PBXFileReference; explicitFileType = wrapper.application; includeInIndex = 0; path = Ecommerce.app; sourceTree = BUILT_PRODUCTS_DIR; };
		5D311FEE21CD2AC600A810A1 /* AppDelegate.swift */ = {isa = PBXFileReference; lastKnownFileType = sourcecode.swift; path = AppDelegate.swift; sourceTree = "<group>"; };
		5D311FF321CD2AC600A810A1 /* Base */ = {isa = PBXFileReference; lastKnownFileType = file.storyboard; name = Base; path = Base.lproj/Main.storyboard; sourceTree = "<group>"; };
		5D311FF521CD2AC800A810A1 /* Assets.xcassets */ = {isa = PBXFileReference; lastKnownFileType = folder.assetcatalog; path = Assets.xcassets; sourceTree = "<group>"; };
		5D311FF821CD2AC800A810A1 /* Base */ = {isa = PBXFileReference; lastKnownFileType = file.storyboard; name = Base; path = Base.lproj/LaunchScreen.storyboard; sourceTree = "<group>"; };
		5D311FFA21CD2AC800A810A1 /* Info.plist */ = {isa = PBXFileReference; lastKnownFileType = text.plist.xml; path = Info.plist; sourceTree = "<group>"; };
		5D31200821CD2FB200A810A1 /* DashboardPresenter.swift */ = {isa = PBXFileReference; lastKnownFileType = sourcecode.swift; path = DashboardPresenter.swift; sourceTree = "<group>"; };
		5D31200921CD2FB200A810A1 /* DashboardViewController.swift */ = {isa = PBXFileReference; lastKnownFileType = sourcecode.swift; path = DashboardViewController.swift; sourceTree = "<group>"; };
		5D31200A21CD2FB200A810A1 /* DashboardModel.swift */ = {isa = PBXFileReference; lastKnownFileType = sourcecode.swift; path = DashboardModel.swift; sourceTree = "<group>"; };
		5D31200B21CD2FB200A810A1 /* DashboardDataManager.swift */ = {isa = PBXFileReference; lastKnownFileType = sourcecode.swift; path = DashboardDataManager.swift; sourceTree = "<group>"; };
		5D31201021CD2FE200A810A1 /* BaseProtocol.swift */ = {isa = PBXFileReference; fileEncoding = 4; lastKnownFileType = sourcecode.swift; path = BaseProtocol.swift; sourceTree = "<group>"; };
		5D31201221CD301C00A810A1 /* ResponseModal.swift */ = {isa = PBXFileReference; fileEncoding = 4; lastKnownFileType = sourcecode.swift; path = ResponseModal.swift; sourceTree = "<group>"; };
		5D31201421CD307700A810A1 /* WebConstants.swift */ = {isa = PBXFileReference; fileEncoding = 4; lastKnownFileType = sourcecode.swift; path = WebConstants.swift; sourceTree = "<group>"; };
		5D31201621CD30D900A810A1 /* FontConstants.swift */ = {isa = PBXFileReference; fileEncoding = 4; lastKnownFileType = sourcecode.swift; path = FontConstants.swift; sourceTree = "<group>"; };
		5D31201721CD30D900A810A1 /* ImageConstants.swift */ = {isa = PBXFileReference; fileEncoding = 4; lastKnownFileType = sourcecode.swift; path = ImageConstants.swift; sourceTree = "<group>"; };
		5D31201821CD30D900A810A1 /* ColorConstants.swift */ = {isa = PBXFileReference; fileEncoding = 4; lastKnownFileType = sourcecode.swift; path = ColorConstants.swift; sourceTree = "<group>"; };
		5D31201D21CD313D00A810A1 /* ViewController.swift */ = {isa = PBXFileReference; fileEncoding = 4; lastKnownFileType = sourcecode.swift; path = ViewController.swift; sourceTree = "<group>"; };
		5D31201F21CD316900A810A1 /* WebserviceHelper.swift */ = {isa = PBXFileReference; fileEncoding = 4; lastKnownFileType = sourcecode.swift; path = WebserviceHelper.swift; sourceTree = "<group>"; };
		5D31202121CD31BA00A810A1 /* StoryBoardHelper.swift */ = {isa = PBXFileReference; fileEncoding = 4; lastKnownFileType = sourcecode.swift; path = StoryBoardHelper.swift; sourceTree = "<group>"; };
		5D31202321CD321300A810A1 /* Image.swift */ = {isa = PBXFileReference; fileEncoding = 4; lastKnownFileType = sourcecode.swift; path = Image.swift; sourceTree = "<group>"; };
		5D31202521CD325500A810A1 /* String.swift */ = {isa = PBXFileReference; fileEncoding = 4; lastKnownFileType = sourcecode.swift; path = String.swift; sourceTree = "<group>"; };
		5D31202721CD328500A810A1 /* Codable.swift */ = {isa = PBXFileReference; fileEncoding = 4; lastKnownFileType = sourcecode.swift; path = Codable.swift; sourceTree = "<group>"; };
		5D31202821CD328500A810A1 /* Color.swift */ = {isa = PBXFileReference; fileEncoding = 4; lastKnownFileType = sourcecode.swift; path = Color.swift; sourceTree = "<group>"; };
		5D31202B21CD32D400A810A1 /* AppConstants.swift */ = {isa = PBXFileReference; fileEncoding = 4; lastKnownFileType = sourcecode.swift; path = AppConstants.swift; sourceTree = "<group>"; };
		5D31202D21CD330100A810A1 /* Helper.swift */ = {isa = PBXFileReference; fileEncoding = 4; lastKnownFileType = sourcecode.swift; path = Helper.swift; sourceTree = "<group>"; };
		5D31202F21CD334000A810A1 /* UserInfo.swift */ = {isa = PBXFileReference; fileEncoding = 4; lastKnownFileType = sourcecode.swift; path = UserInfo.swift; sourceTree = "<group>"; };
		5D31203121CD336B00A810A1 /* AppMessages.swift */ = {isa = PBXFileReference; fileEncoding = 4; lastKnownFileType = sourcecode.swift; path = AppMessages.swift; sourceTree = "<group>"; };
		5D31203321CD343F00A810A1 /* DashboardProtocol.swift */ = {isa = PBXFileReference; lastKnownFileType = sourcecode.swift; path = DashboardProtocol.swift; sourceTree = "<group>"; };
		5D31203521CD35DE00A810A1 /* UrlConstants.swift */ = {isa = PBXFileReference; fileEncoding = 4; lastKnownFileType = sourcecode.swift; path = UrlConstants.swift; sourceTree = "<group>"; };
		9EAECAFA902003AAA368C63F /* Pods_Ecommerce.framework */ = {isa = PBXFileReference; explicitFileType = wrapper.framework; includeInIndex = 0; path = Pods_Ecommerce.framework; sourceTree = BUILT_PRODUCTS_DIR; };
		E105258F84C0BBD8A453FF99 /* Pods-Ecommerce.debug.xcconfig */ = {isa = PBXFileReference; includeInIndex = 1; lastKnownFileType = text.xcconfig; name = "Pods-Ecommerce.debug.xcconfig"; path = "Pods/Target Support Files/Pods-Ecommerce/Pods-Ecommerce.debug.xcconfig"; sourceTree = "<group>"; };
/* End PBXFileReference section */

/* Begin PBXFrameworksBuildPhase section */
		5D311FE821CD2AC600A810A1 /* Frameworks */ = {
			isa = PBXFrameworksBuildPhase;
			buildActionMask = 2147483647;
			files = (
				0E6E4DE783741F1116B726E5 /* Pods_Ecommerce.framework in Frameworks */,
			);
			runOnlyForDeploymentPostprocessing = 0;
		};
/* End PBXFrameworksBuildPhase section */

/* Begin PBXGroup section */
		5904009B8C7497C804096ABB /* Pods */ = {
			isa = PBXGroup;
			children = (
				E105258F84C0BBD8A453FF99 /* Pods-Ecommerce.debug.xcconfig */,
				28761D5BA3F0A545B7DBF503 /* Pods-Ecommerce.release.xcconfig */,
			);
			name = Pods;
			sourceTree = "<group>";
		};
		5D311FE221CD2AC500A810A1 = {
			isa = PBXGroup;
			children = (
				5D311FED21CD2AC600A810A1 /* Ecommerce */,
				5D311FEC21CD2AC600A810A1 /* Products */,
				5904009B8C7497C804096ABB /* Pods */,
				8E72422A8D5C2039FC396B8A /* Frameworks */,
			);
			sourceTree = "<group>";
		};
		5D311FEC21CD2AC600A810A1 /* Products */ = {
			isa = PBXGroup;
			children = (
				5D311FEB21CD2AC600A810A1 /* Ecommerce.app */,
			);
			name = Products;
			sourceTree = "<group>";
		};
		5D311FED21CD2AC600A810A1 /* Ecommerce */ = {
			isa = PBXGroup;
			children = (
				5D31201C21CD312F00A810A1 /* Extensions */,
				5D31200621CD2C8D00A810A1 /* Resources */,
				5D31200521CD2C8900A810A1 /* Modals */,
				5D31200421CD2C7700A810A1 /* Libraries */,
				5D31200321CD2C7200A810A1 /* Constants */,
				5D31200221CD2C6A00A810A1 /* Custom Classes */,
				5D31200121CD2C6600A810A1 /* Helpers */,
				5D31200021CD2C5E00A810A1 /* Modules */,
				5D311FEE21CD2AC600A810A1 /* AppDelegate.swift */,
				5D311FF221CD2AC600A810A1 /* Main.storyboard */,
				5D311FF521CD2AC800A810A1 /* Assets.xcassets */,
				5D311FF721CD2AC800A810A1 /* LaunchScreen.storyboard */,
				5D311FFA21CD2AC800A810A1 /* Info.plist */,
			);
			path = Ecommerce;
			sourceTree = "<group>";
		};
		5D31200021CD2C5E00A810A1 /* Modules */ = {
			isa = PBXGroup;
			children = (
				5D31201021CD2FE200A810A1 /* BaseProtocol.swift */,
				5D31200721CD2F9300A810A1 /* Dashboard */,
			);
			path = Modules;
			sourceTree = "<group>";
		};
		5D31200121CD2C6600A810A1 /* Helpers */ = {
			isa = PBXGroup;
			children = (
				5D31202D21CD330100A810A1 /* Helper.swift */,
				5D31202121CD31BA00A810A1 /* StoryBoardHelper.swift */,
				5D31201F21CD316900A810A1 /* WebserviceHelper.swift */,
			);
			path = Helpers;
			sourceTree = "<group>";
		};
		5D31200221CD2C6A00A810A1 /* Custom Classes */ = {
			isa = PBXGroup;
			children = (
			);
			path = "Custom Classes";
			sourceTree = "<group>";
		};
		5D31200321CD2C7200A810A1 /* Constants */ = {
			isa = PBXGroup;
			children = (
				5D31203521CD35DE00A810A1 /* UrlConstants.swift */,
				5D31203121CD336B00A810A1 /* AppMessages.swift */,
				5D31202B21CD32D400A810A1 /* AppConstants.swift */,
				5D31201421CD307700A810A1 /* WebConstants.swift */,
				5D31201821CD30D900A810A1 /* ColorConstants.swift */,
				5D31201621CD30D900A810A1 /* FontConstants.swift */,
				5D31201721CD30D900A810A1 /* ImageConstants.swift */,
			);
			path = Constants;
			sourceTree = "<group>";
		};
		5D31200421CD2C7700A810A1 /* Libraries */ = {
			isa = PBXGroup;
			children = (
			);
			path = Libraries;
			sourceTree = "<group>";
		};
		5D31200521CD2C8900A810A1 /* Modals */ = {
			isa = PBXGroup;
			children = (
				5D31202F21CD334000A810A1 /* UserInfo.swift */,
				5D31201221CD301C00A810A1 /* ResponseModal.swift */,
			);
			path = Modals;
			sourceTree = "<group>";
		};
		5D31200621CD2C8D00A810A1 /* Resources */ = {
			isa = PBXGroup;
			children = (
			);
			path = Resources;
			sourceTree = "<group>";
		};
		5D31200721CD2F9300A810A1 /* Dashboard */ = {
			isa = PBXGroup;
			children = (
				5D31200821CD2FB200A810A1 /* DashboardPresenter.swift */,
				5D31200921CD2FB200A810A1 /* DashboardViewController.swift */,
				5D31200A21CD2FB200A810A1 /* DashboardModel.swift */,
				5D31200B21CD2FB200A810A1 /* DashboardDataManager.swift */,
				5D31203321CD343F00A810A1 /* DashboardProtocol.swift */,
			);
			path = Dashboard;
			sourceTree = "<group>";
		};
		5D31201C21CD312F00A810A1 /* Extensions */ = {
			isa = PBXGroup;
			children = (
				5D31202721CD328500A810A1 /* Codable.swift */,
				5D31202821CD328500A810A1 /* Color.swift */,
				5D31202321CD321300A810A1 /* Image.swift */,
				5D31202521CD325500A810A1 /* String.swift */,
				5D31201D21CD313D00A810A1 /* ViewController.swift */,
			);
			path = Extensions;
			sourceTree = "<group>";
		};
		8E72422A8D5C2039FC396B8A /* Frameworks */ = {
			isa = PBXGroup;
			children = (
				9EAECAFA902003AAA368C63F /* Pods_Ecommerce.framework */,
			);
			name = Frameworks;
			sourceTree = "<group>";
		};
/* End PBXGroup section */

/* Begin PBXNativeTarget section */
		5D311FEA21CD2AC600A810A1 /* Ecommerce */ = {
			isa = PBXNativeTarget;
			buildConfigurationList = 5D311FFD21CD2AC800A810A1 /* Build configuration list for PBXNativeTarget "Ecommerce" */;
			buildPhases = (
				E7FE2269B2DF7619FCF1CCB2 /* [CP] Check Pods Manifest.lock */,
				5D311FE721CD2AC600A810A1 /* Sources */,
				5D311FE821CD2AC600A810A1 /* Frameworks */,
				5D311FE921CD2AC600A810A1 /* Resources */,
				8D8D05A627DD296BAC1D59EC /* [CP] Embed Pods Frameworks */,
			);
			buildRules = (
			);
			dependencies = (
			);
			name = Ecommerce;
			productName = Ecommerce;
			productReference = 5D311FEB21CD2AC600A810A1 /* Ecommerce.app */;
			productType = "com.apple.product-type.application";
		};
/* End PBXNativeTarget section */

/* Begin PBXProject section */
		5D311FE321CD2AC500A810A1 /* Project object */ = {
			isa = PBXProject;
			attributes = {
				LastSwiftUpdateCheck = 1000;
				LastUpgradeCheck = 1000;
				ORGANIZATIONNAME = Ashwin;
				TargetAttributes = {
					5D311FEA21CD2AC600A810A1 = {
						CreatedOnToolsVersion = 10.0;
					};
				};
			};
			buildConfigurationList = 5D311FE621CD2AC500A810A1 /* Build configuration list for PBXProject "Ecommerce" */;
			compatibilityVersion = "Xcode 9.3";
			developmentRegion = en;
			hasScannedForEncodings = 0;
			knownRegions = (
				en,
				Base,
			);
			mainGroup = 5D311FE221CD2AC500A810A1;
			productRefGroup = 5D311FEC21CD2AC600A810A1 /* Products */;
			projectDirPath = "";
			projectRoot = "";
			targets = (
				5D311FEA21CD2AC600A810A1 /* Ecommerce */,
			);
		};
/* End PBXProject section */

/* Begin PBXResourcesBuildPhase section */
		5D311FE921CD2AC600A810A1 /* Resources */ = {
			isa = PBXResourcesBuildPhase;
			buildActionMask = 2147483647;
			files = (
				5D311FF921CD2AC800A810A1 /* LaunchScreen.storyboard in Resources */,
				5D311FF621CD2AC800A810A1 /* Assets.xcassets in Resources */,
				5D311FF421CD2AC600A810A1 /* Main.storyboard in Resources */,
			);
			runOnlyForDeploymentPostprocessing = 0;
		};
/* End PBXResourcesBuildPhase section */

/* Begin PBXShellScriptBuildPhase section */
		8D8D05A627DD296BAC1D59EC /* [CP] Embed Pods Frameworks */ = {
			isa = PBXShellScriptBuildPhase;
			buildActionMask = 2147483647;
			files = (
			);
			inputFileListPaths = (
			);
			inputPaths = (
				"${SRCROOT}/Pods/Target Support Files/Pods-Ecommerce/Pods-Ecommerce-frameworks.sh",
				"${BUILT_PRODUCTS_DIR}/Alamofire/Alamofire.framework",
				"${BUILT_PRODUCTS_DIR}/SDWebImage/SDWebImage.framework",
				"${BUILT_PRODUCTS_DIR}/SVPullToRefresh/SVPullToRefresh.framework",
			);
			name = "[CP] Embed Pods Frameworks";
			outputFileListPaths = (
			);
			outputPaths = (
				"${TARGET_BUILD_DIR}/${FRAMEWORKS_FOLDER_PATH}/Alamofire.framework",
				"${TARGET_BUILD_DIR}/${FRAMEWORKS_FOLDER_PATH}/SDWebImage.framework",
				"${TARGET_BUILD_DIR}/${FRAMEWORKS_FOLDER_PATH}/SVPullToRefresh.framework",
			);
			runOnlyForDeploymentPostprocessing = 0;
			shellPath = /bin/sh;
			shellScript = "\"${SRCROOT}/Pods/Target Support Files/Pods-Ecommerce/Pods-Ecommerce-frameworks.sh\"\n";
			showEnvVarsInLog = 0;
		};
		E7FE2269B2DF7619FCF1CCB2 /* [CP] Check Pods Manifest.lock */ = {
			isa = PBXShellScriptBuildPhase;
			buildActionMask = 2147483647;
			files = (
			);
			inputFileListPaths = (
			);
			inputPaths = (
				"${PODS_PODFILE_DIR_PATH}/Podfile.lock",
				"${PODS_ROOT}/Manifest.lock",
			);
			name = "[CP] Check Pods Manifest.lock";
			outputFileListPaths = (
			);
			outputPaths = (
				"$(DERIVED_FILE_DIR)/Pods-Ecommerce-checkManifestLockResult.txt",
			);
			runOnlyForDeploymentPostprocessing = 0;
			shellPath = /bin/sh;
			shellScript = "diff \"${PODS_PODFILE_DIR_PATH}/Podfile.lock\" \"${PODS_ROOT}/Manifest.lock\" > /dev/null\nif [ $? != 0 ] ; then\n    # print error to STDERR\n    echo \"error: The sandbox is not in sync with the Podfile.lock. Run 'pod install' or update your CocoaPods installation.\" >&2\n    exit 1\nfi\n# This output is used by Xcode 'outputs' to avoid re-running this script phase.\necho \"SUCCESS\" > \"${SCRIPT_OUTPUT_FILE_0}\"\n";
			showEnvVarsInLog = 0;
		};
/* End PBXShellScriptBuildPhase section */

/* Begin PBXSourcesBuildPhase section */
		5D311FE721CD2AC600A810A1 /* Sources */ = {
			isa = PBXSourcesBuildPhase;
			buildActionMask = 2147483647;
			files = (
				5D31202C21CD32D400A810A1 /* AppConstants.swift in Sources */,
				5D31202221CD31BA00A810A1 /* StoryBoardHelper.swift in Sources */,
				5D31202921CD328500A810A1 /* Codable.swift in Sources */,
				5D31200E21CD2FB200A810A1 /* DashboardModel.swift in Sources */,
				5D31202021CD316900A810A1 /* WebserviceHelper.swift in Sources */,
				5D31201521CD307700A810A1 /* WebConstants.swift in Sources */,
				5D31202421CD321300A810A1 /* Image.swift in Sources */,
				5D31202E21CD330100A810A1 /* Helper.swift in Sources */,
				5D31203421CD343F00A810A1 /* DashboardProtocol.swift in Sources */,
				5D31201B21CD30D900A810A1 /* ColorConstants.swift in Sources */,
				5D31201321CD301C00A810A1 /* ResponseModal.swift in Sources */,
				5D31201A21CD30D900A810A1 /* ImageConstants.swift in Sources */,
				5D31200F21CD2FB200A810A1 /* DashboardDataManager.swift in Sources */,
				5D311FEF21CD2AC600A810A1 /* AppDelegate.swift in Sources */,
				5D31201E21CD313D00A810A1 /* ViewController.swift in Sources */,
				5D31201921CD30D900A810A1 /* FontConstants.swift in Sources */,
				5D31203221CD336C00A810A1 /* AppMessages.swift in Sources */,
				5D31200C21CD2FB200A810A1 /* DashboardPresenter.swift in Sources */,
				5D31200D21CD2FB200A810A1 /* DashboardViewController.swift in Sources */,
				5D31202621CD325500A810A1 /* String.swift in Sources */,
				5D31201121CD2FE200A810A1 /* BaseProtocol.swift in Sources */,
				5D31203621CD35DE00A810A1 /* UrlConstants.swift in Sources */,
				5D31203021CD334000A810A1 /* UserInfo.swift in Sources */,
				5D31202A21CD328500A810A1 /* Color.swift in Sources */,
			);
			runOnlyForDeploymentPostprocessing = 0;
		};
/* End PBXSourcesBuildPhase section */

/* Begin PBXVariantGroup section */
		5D311FF221CD2AC600A810A1 /* Main.storyboard */ = {
			isa = PBXVariantGroup;
			children = (
				5D311FF321CD2AC600A810A1 /* Base */,
			);
			name = Main.storyboard;
			sourceTree = "<group>";
		};
		5D311FF721CD2AC800A810A1 /* LaunchScreen.storyboard */ = {
			isa = PBXVariantGroup;
			children = (
				5D311FF821CD2AC800A810A1 /* Base */,
			);
			name = LaunchScreen.storyboard;
			sourceTree = "<group>";
		};
/* End PBXVariantGroup section */

/* Begin XCBuildConfiguration section */
		5D311FFB21CD2AC800A810A1 /* Debug */ = {
			isa = XCBuildConfiguration;
			buildSettings = {
				ALWAYS_SEARCH_USER_PATHS = NO;
				CLANG_ANALYZER_NONNULL = YES;
				CLANG_ANALYZER_NUMBER_OBJECT_CONVERSION = YES_AGGRESSIVE;
				CLANG_CXX_LANGUAGE_STANDARD = "gnu++14";
				CLANG_CXX_LIBRARY = "libc++";
				CLANG_ENABLE_MODULES = YES;
				CLANG_ENABLE_OBJC_ARC = YES;
				CLANG_ENABLE_OBJC_WEAK = YES;
				CLANG_WARN_BLOCK_CAPTURE_AUTORELEASING = YES;
				CLANG_WARN_BOOL_CONVERSION = YES;
				CLANG_WARN_COMMA = YES;
				CLANG_WARN_CONSTANT_CONVERSION = YES;
				CLANG_WARN_DEPRECATED_OBJC_IMPLEMENTATIONS = YES;
				CLANG_WARN_DIRECT_OBJC_ISA_USAGE = YES_ERROR;
				CLANG_WARN_DOCUMENTATION_COMMENTS = YES;
				CLANG_WARN_EMPTY_BODY = YES;
				CLANG_WARN_ENUM_CONVERSION = YES;
				CLANG_WARN_INFINITE_RECURSION = YES;
				CLANG_WARN_INT_CONVERSION = YES;
				CLANG_WARN_NON_LITERAL_NULL_CONVERSION = YES;
				CLANG_WARN_OBJC_IMPLICIT_RETAIN_SELF = YES;
				CLANG_WARN_OBJC_LITERAL_CONVERSION = YES;
				CLANG_WARN_OBJC_ROOT_CLASS = YES_ERROR;
				CLANG_WARN_RANGE_LOOP_ANALYSIS = YES;
				CLANG_WARN_STRICT_PROTOTYPES = YES;
				CLANG_WARN_SUSPICIOUS_MOVE = YES;
				CLANG_WARN_UNGUARDED_AVAILABILITY = YES_AGGRESSIVE;
				CLANG_WARN_UNREACHABLE_CODE = YES;
				CLANG_WARN__DUPLICATE_METHOD_MATCH = YES;
				CODE_SIGN_IDENTITY = "iPhone Developer";
				COPY_PHASE_STRIP = NO;
				DEBUG_INFORMATION_FORMAT = dwarf;
				ENABLE_STRICT_OBJC_MSGSEND = YES;
				ENABLE_TESTABILITY = YES;
				GCC_C_LANGUAGE_STANDARD = gnu11;
				GCC_DYNAMIC_NO_PIC = NO;
				GCC_NO_COMMON_BLOCKS = YES;
				GCC_OPTIMIZATION_LEVEL = 0;
				GCC_PREPROCESSOR_DEFINITIONS = (
					"DEBUG=1",
					"$(inherited)",
				);
				GCC_WARN_64_TO_32_BIT_CONVERSION = YES;
				GCC_WARN_ABOUT_RETURN_TYPE = YES_ERROR;
				GCC_WARN_UNDECLARED_SELECTOR = YES;
				GCC_WARN_UNINITIALIZED_AUTOS = YES_AGGRESSIVE;
				GCC_WARN_UNUSED_FUNCTION = YES;
				GCC_WARN_UNUSED_VARIABLE = YES;
				IPHONEOS_DEPLOYMENT_TARGET = 12.0;
				MTL_ENABLE_DEBUG_INFO = INCLUDE_SOURCE;
				MTL_FAST_MATH = YES;
				ONLY_ACTIVE_ARCH = YES;
				SDKROOT = iphoneos;
				SWIFT_ACTIVE_COMPILATION_CONDITIONS = DEBUG;
				SWIFT_OPTIMIZATION_LEVEL = "-Onone";
			};
			name = Debug;
		};
		5D311FFC21CD2AC800A810A1 /* Release */ = {
			isa = XCBuildConfiguration;
			buildSettings = {
				ALWAYS_SEARCH_USER_PATHS = NO;
				CLANG_ANALYZER_NONNULL = YES;
				CLANG_ANALYZER_NUMBER_OBJECT_CONVERSION = YES_AGGRESSIVE;
				CLANG_CXX_LANGUAGE_STANDARD = "gnu++14";
				CLANG_CXX_LIBRARY = "libc++";
				CLANG_ENABLE_MODULES = YES;
				CLANG_ENABLE_OBJC_ARC = YES;
				CLANG_ENABLE_OBJC_WEAK = YES;
				CLANG_WARN_BLOCK_CAPTURE_AUTORELEASING = YES;
				CLANG_WARN_BOOL_CONVERSION = YES;
				CLANG_WARN_COMMA = YES;
				CLANG_WARN_CONSTANT_CONVERSION = YES;
				CLANG_WARN_DEPRECATED_OBJC_IMPLEMENTATIONS = YES;
				CLANG_WARN_DIRECT_OBJC_ISA_USAGE = YES_ERROR;
				CLANG_WARN_DOCUMENTATION_COMMENTS = YES;
				CLANG_WARN_EMPTY_BODY = YES;
				CLANG_WARN_ENUM_CONVERSION = YES;
				CLANG_WARN_INFINITE_RECURSION = YES;
				CLANG_WARN_INT_CONVERSION = YES;
				CLANG_WARN_NON_LITERAL_NULL_CONVERSION = YES;
				CLANG_WARN_OBJC_IMPLICIT_RETAIN_SELF = YES;
				CLANG_WARN_OBJC_LITERAL_CONVERSION = YES;
				CLANG_WARN_OBJC_ROOT_CLASS = YES_ERROR;
				CLANG_WARN_RANGE_LOOP_ANALYSIS = YES;
				CLANG_WARN_STRICT_PROTOTYPES = YES;
				CLANG_WARN_SUSPICIOUS_MOVE = YES;
				CLANG_WARN_UNGUARDED_AVAILABILITY = YES_AGGRESSIVE;
				CLANG_WARN_UNREACHABLE_CODE = YES;
				CLANG_WARN__DUPLICATE_METHOD_MATCH = YES;
				CODE_SIGN_IDENTITY = "iPhone Developer";
				COPY_PHASE_STRIP = NO;
				DEBUG_INFORMATION_FORMAT = "dwarf-with-dsym";
				ENABLE_NS_ASSERTIONS = NO;
				ENABLE_STRICT_OBJC_MSGSEND = YES;
				GCC_C_LANGUAGE_STANDARD = gnu11;
				GCC_NO_COMMON_BLOCKS = YES;
				GCC_WARN_64_TO_32_BIT_CONVERSION = YES;
				GCC_WARN_ABOUT_RETURN_TYPE = YES_ERROR;
				GCC_WARN_UNDECLARED_SELECTOR = YES;
				GCC_WARN_UNINITIALIZED_AUTOS = YES_AGGRESSIVE;
				GCC_WARN_UNUSED_FUNCTION = YES;
				GCC_WARN_UNUSED_VARIABLE = YES;
				IPHONEOS_DEPLOYMENT_TARGET = 12.0;
				MTL_ENABLE_DEBUG_INFO = NO;
				MTL_FAST_MATH = YES;
				SDKROOT = iphoneos;
				SWIFT_COMPILATION_MODE = wholemodule;
				SWIFT_OPTIMIZATION_LEVEL = "-O";
				VALIDATE_PRODUCT = YES;
			};
			name = Release;
		};
		5D311FFE21CD2AC800A810A1 /* Debug */ = {
			isa = XCBuildConfiguration;
			baseConfigurationReference = E105258F84C0BBD8A453FF99 /* Pods-Ecommerce.debug.xcconfig */;
			buildSettings = {
				ASSETCATALOG_COMPILER_APPICON_NAME = AppIcon;
				CODE_SIGN_STYLE = Automatic;
				INFOPLIST_FILE = Ecommerce/Info.plist;
				IPHONEOS_DEPLOYMENT_TARGET = 10.0;
				LD_RUNPATH_SEARCH_PATHS = (
					"$(inherited)",
					"@executable_path/Frameworks",
				);
				PRODUCT_BUNDLE_IDENTIFIER = com.ashwin.Ecommerce;
				PRODUCT_NAME = "$(TARGET_NAME)";
				SWIFT_VERSION = 4.2;
				TARGETED_DEVICE_FAMILY = 1;
			};
			name = Debug;
		};
		5D311FFF21CD2AC800A810A1 /* Release */ = {
			isa = XCBuildConfiguration;
			baseConfigurationReference = 28761D5BA3F0A545B7DBF503 /* Pods-Ecommerce.release.xcconfig */;
			buildSettings = {
				ASSETCATALOG_COMPILER_APPICON_NAME = AppIcon;
				CODE_SIGN_STYLE = Automatic;
				INFOPLIST_FILE = Ecommerce/Info.plist;
				IPHONEOS_DEPLOYMENT_TARGET = 10.0;
				LD_RUNPATH_SEARCH_PATHS = (
					"$(inherited)",
					"@executable_path/Frameworks",
				);
				PRODUCT_BUNDLE_IDENTIFIER = com.ashwin.Ecommerce;
				PRODUCT_NAME = "$(TARGET_NAME)";
				SWIFT_VERSION = 4.2;
				TARGETED_DEVICE_FAMILY = 1;
			};
			name = Release;
		};
/* End XCBuildConfiguration section */

/* Begin XCConfigurationList section */
		5D311FE621CD2AC500A810A1 /* Build configuration list for PBXProject "Ecommerce" */ = {
			isa = XCConfigurationList;
			buildConfigurations = (
				5D311FFB21CD2AC800A810A1 /* Debug */,
				5D311FFC21CD2AC800A810A1 /* Release */,
			);
			defaultConfigurationIsVisible = 0;
			defaultConfigurationName = Release;
		};
		5D311FFD21CD2AC800A810A1 /* Build configuration list for PBXNativeTarget "Ecommerce" */ = {
			isa = XCConfigurationList;
			buildConfigurations = (
				5D311FFE21CD2AC800A810A1 /* Debug */,
				5D311FFF21CD2AC800A810A1 /* Release */,
			);
			defaultConfigurationIsVisible = 0;
			defaultConfigurationName = Release;
		};
/* End XCConfigurationList section */
	};
	rootObject = 5D311FE321CD2AC500A810A1 /* Project object */;
}
